// !$*UTF8*$!
{
	archiveVersion = 1;
	classes = {
	};
	objectVersion = 50;
	objects = {

/* Begin PBXBuildFile section */
		5344112026EF984A00EAE58D /* AppDelegate.swift in Sources */ = {isa = PBXBuildFile; fileRef = 5344111F26EF984A00EAE58D /* AppDelegate.swift */; };
		5344112226EF984A00EAE58D /* SceneDelegate.swift in Sources */ = {isa = PBXBuildFile; fileRef = 5344112126EF984A00EAE58D /* SceneDelegate.swift */; };
		5344112426EF984A00EAE58D /* ContentView.swift in Sources */ = {isa = PBXBuildFile; fileRef = 5344112326EF984A00EAE58D /* ContentView.swift */; };
		5344112626EF984B00EAE58D /* Assets.xcassets in Resources */ = {isa = PBXBuildFile; fileRef = 5344112526EF984B00EAE58D /* Assets.xcassets */; };
		5344112926EF984B00EAE58D /* Preview Assets.xcassets in Resources */ = {isa = PBXBuildFile; fileRef = 5344112826EF984B00EAE58D /* Preview Assets.xcassets */; };
		5344112C26EF984B00EAE58D /* LaunchScreen.storyboard in Resources */ = {isa = PBXBuildFile; fileRef = 5344112A26EF984B00EAE58D /* LaunchScreen.storyboard */; };
		5344113726EF984B00EAE58D /* Dicee_SwiftUITests.swift in Sources */ = {isa = PBXBuildFile; fileRef = 5344113626EF984B00EAE58D /* Dicee_SwiftUITests.swift */; };
		5344114226EF984B00EAE58D /* Dicee_SwiftUIUITests.swift in Sources */ = {isa = PBXBuildFile; fileRef = 5344114126EF984B00EAE58D /* Dicee_SwiftUIUITests.swift */; };
/* End PBXBuildFile section */

/* Begin PBXContainerItemProxy section */
		5344113326EF984B00EAE58D /* PBXContainerItemProxy */ = {
			isa = PBXContainerItemProxy;
			containerPortal = 5344111426EF984A00EAE58D /* Project object */;
			proxyType = 1;
			remoteGlobalIDString = 5344111B26EF984A00EAE58D;
			remoteInfo = "Dicee-SwiftUI";
		};
		5344113E26EF984B00EAE58D /* PBXContainerItemProxy */ = {
			isa = PBXContainerItemProxy;
			containerPortal = 5344111426EF984A00EAE58D /* Project object */;
			proxyType = 1;
			remoteGlobalIDString = 5344111B26EF984A00EAE58D;
			remoteInfo = "Dicee-SwiftUI";
		};
/* End PBXContainerItemProxy section */

/* Begin PBXFileReference section */
		5344111C26EF984A00EAE58D /* Dicee-SwiftUI.app */ = {isa = PBXFileReference; explicitFileType = wrapper.application; includeInIndex = 0; path = "Dicee-SwiftUI.app"; sourceTree = BUILT_PRODUCTS_DIR; };
		5344111F26EF984A00EAE58D /* AppDelegate.swift */ = {isa = PBXFileReference; lastKnownFileType = sourcecode.swift; path = AppDelegate.swift; sourceTree = "<group>"; };
		5344112126EF984A00EAE58D /* SceneDelegate.swift */ = {isa = PBXFileReference; lastKnownFileType = sourcecode.swift; path = SceneDelegate.swift; sourceTree = "<group>"; };
		5344112326EF984A00EAE58D /* ContentView.swift */ = {isa = PBXFileReference; lastKnownFileType = sourcecode.swift; path = ContentView.swift; sourceTree = "<group>"; };
		5344112526EF984B00EAE58D /* Assets.xcassets */ = {isa = PBXFileReference; lastKnownFileType = folder.assetcatalog; path = Assets.xcassets; sourceTree = "<group>"; };
		5344112826EF984B00EAE58D /* Preview Assets.xcassets */ = {isa = PBXFileReference; lastKnownFileType = folder.assetcatalog; path = "Preview Assets.xcassets"; sourceTree = "<group>"; };
		5344112B26EF984B00EAE58D /* Base */ = {isa = PBXFileReference; lastKnownFileType = file.storyboard; name = Base; path = Base.lproj/LaunchScreen.storyboard; sourceTree = "<group>"; };
		5344112D26EF984B00EAE58D /* Info.plist */ = {isa = PBXFileReference; lastKnownFileType = text.plist.xml; path = Info.plist; sourceTree = "<group>"; };
		5344113226EF984B00EAE58D /* Dicee-SwiftUITests.xctest */ = {isa = PBXFileReference; explicitFileType = wrapper.cfbundle; includeInIndex = 0; path = "Dicee-SwiftUITests.xctest"; sourceTree = BUILT_PRODUCTS_DIR; };
		5344113626EF984B00EAE58D /* Dicee_SwiftUITests.swift */ = {isa = PBXFileReference; lastKnownFileType = sourcecode.swift; path = Dicee_SwiftUITests.swift; sourceTree = "<group>"; };
		5344113826EF984B00EAE58D /* Info.plist */ = {isa = PBXFileReference; lastKnownFileType = text.plist.xml; path = Info.plist; sourceTree = "<group>"; };
		5344113D26EF984B00EAE58D /* Dicee-SwiftUIUITests.xctest */ = {isa = PBXFileReference; explicitFileType = wrapper.cfbundle; includeInIndex = 0; path = "Dicee-SwiftUIUITests.xctest"; sourceTree = BUILT_PRODUCTS_DIR; };
		5344114126EF984B00EAE58D /* Dicee_SwiftUIUITests.swift */ = {isa = PBXFileReference; lastKnownFileType = sourcecode.swift; path = Dicee_SwiftUIUITests.swift; sourceTree = "<group>"; };
		5344114326EF984B00EAE58D /* Info.plist */ = {isa = PBXFileReference; lastKnownFileType = text.plist.xml; path = Info.plist; sourceTree = "<group>"; };
/* End PBXFileReference section */

/* Begin PBXFrameworksBuildPhase section */
		5344111926EF984A00EAE58D /* Frameworks */ = {
			isa = PBXFrameworksBuildPhase;
			buildActionMask = 2147483647;
			files = (
			);
			runOnlyForDeploymentPostprocessing = 0;
		};
		5344112F26EF984B00EAE58D /* Frameworks */ = {
			isa = PBXFrameworksBuildPhase;
			buildActionMask = 2147483647;
			files = (
			);
			runOnlyForDeploymentPostprocessing = 0;
		};
		5344113A26EF984B00EAE58D /* Frameworks */ = {
			isa = PBXFrameworksBuildPhase;
			buildActionMask = 2147483647;
			files = (
			);
			runOnlyForDeploymentPostprocessing = 0;
		};
/* End PBXFrameworksBuildPhase section */

/* Begin PBXGroup section */
		5344111326EF984A00EAE58D = {
			isa = PBXGroup;
			children = (
				5344111E26EF984A00EAE58D /* Dicee-SwiftUI */,
				5344113526EF984B00EAE58D /* Dicee-SwiftUITests */,
				5344114026EF984B00EAE58D /* Dicee-SwiftUIUITests */,
				5344111D26EF984A00EAE58D /* Products */,
			);
			sourceTree = "<group>";
		};
		5344111D26EF984A00EAE58D /* Products */ = {
			isa = PBXGroup;
			children = (
				5344111C26EF984A00EAE58D /* Dicee-SwiftUI.app */,
				5344113226EF984B00EAE58D /* Dicee-SwiftUITests.xctest */,
				5344113D26EF984B00EAE58D /* Dicee-SwiftUIUITests.xctest */,
			);
			name = Products;
			sourceTree = "<group>";
		};
		5344111E26EF984A00EAE58D /* Dicee-SwiftUI */ = {
			isa = PBXGroup;
			children = (
				5344111F26EF984A00EAE58D /* AppDelegate.swift */,
				5344112126EF984A00EAE58D /* SceneDelegate.swift */,
				5344112326EF984A00EAE58D /* ContentView.swift */,
				5344112526EF984B00EAE58D /* Assets.xcassets */,
				5344112A26EF984B00EAE58D /* LaunchScreen.storyboard */,
				5344112D26EF984B00EAE58D /* Info.plist */,
				5344112726EF984B00EAE58D /* Preview Content */,
			);
			path = "Dicee-SwiftUI";
			sourceTree = "<group>";
		};
		5344112726EF984B00EAE58D /* Preview Content */ = {
			isa = PBXGroup;
			children = (
				5344112826EF984B00EAE58D /* Preview Assets.xcassets */,
			);
			path = "Preview Content";
			sourceTree = "<group>";
		};
		5344113526EF984B00EAE58D /* Dicee-SwiftUITests */ = {
			isa = PBXGroup;
			children = (
				5344113626EF984B00EAE58D /* Dicee_SwiftUITests.swift */,
				5344113826EF984B00EAE58D /* Info.plist */,
			);
			path = "Dicee-SwiftUITests";
			sourceTree = "<group>";
		};
		5344114026EF984B00EAE58D /* Dicee-SwiftUIUITests */ = {
			isa = PBXGroup;
			children = (
				5344114126EF984B00EAE58D /* Dicee_SwiftUIUITests.swift */,
				5344114326EF984B00EAE58D /* Info.plist */,
			);
			path = "Dicee-SwiftUIUITests";
			sourceTree = "<group>";
		};
/* End PBXGroup section */

/* Begin PBXNativeTarget section */
		5344111B26EF984A00EAE58D /* Dicee-SwiftUI */ = {
			isa = PBXNativeTarget;
			buildConfigurationList = 5344114626EF984B00EAE58D /* Build configuration list for PBXNativeTarget "Dicee-SwiftUI" */;
			buildPhases = (
				5344111826EF984A00EAE58D /* Sources */,
				5344111926EF984A00EAE58D /* Frameworks */,
				5344111A26EF984A00EAE58D /* Resources */,
			);
			buildRules = (
			);
			dependencies = (
			);
			name = "Dicee-SwiftUI";
			productName = "Dicee-SwiftUI";
			productReference = 5344111C26EF984A00EAE58D /* Dicee-SwiftUI.app */;
			productType = "com.apple.product-type.application";
		};
		5344113126EF984B00EAE58D /* Dicee-SwiftUITests */ = {
			isa = PBXNativeTarget;
			buildConfigurationList = 5344114926EF984B00EAE58D /* Build configuration list for PBXNativeTarget "Dicee-SwiftUITests" */;
			buildPhases = (
				5344112E26EF984B00EAE58D /* Sources */,
				5344112F26EF984B00EAE58D /* Frameworks */,
				5344113026EF984B00EAE58D /* Resources */,
			);
			buildRules = (
			);
			dependencies = (
				5344113426EF984B00EAE58D /* PBXTargetDependency */,
			);
			name = "Dicee-SwiftUITests";
			productName = "Dicee-SwiftUITests";
			productReference = 5344113226EF984B00EAE58D /* Dicee-SwiftUITests.xctest */;
			productType = "com.apple.product-type.bundle.unit-test";
		};
		5344113C26EF984B00EAE58D /* Dicee-SwiftUIUITests */ = {
			isa = PBXNativeTarget;
			buildConfigurationList = 5344114C26EF984B00EAE58D /* Build configuration list for PBXNativeTarget "Dicee-SwiftUIUITests" */;
			buildPhases = (
				5344113926EF984B00EAE58D /* Sources */,
				5344113A26EF984B00EAE58D /* Frameworks */,
				5344113B26EF984B00EAE58D /* Resources */,
			);
			buildRules = (
			);
			dependencies = (
				5344113F26EF984B00EAE58D /* PBXTargetDependency */,
			);
			name = "Dicee-SwiftUIUITests";
			productName = "Dicee-SwiftUIUITests";
			productReference = 5344113D26EF984B00EAE58D /* Dicee-SwiftUIUITests.xctest */;
			productType = "com.apple.product-type.bundle.ui-testing";
		};
/* End PBXNativeTarget section */

/* Begin PBXProject section */
		5344111426EF984A00EAE58D /* Project object */ = {
			isa = PBXProject;
			attributes = {
				LastSwiftUpdateCheck = 1250;
				LastUpgradeCheck = 1250;
				TargetAttributes = {
					5344111B26EF984A00EAE58D = {
						CreatedOnToolsVersion = 12.5;
					};
					5344113126EF984B00EAE58D = {
						CreatedOnToolsVersion = 12.5;
						TestTargetID = 5344111B26EF984A00EAE58D;
					};
					5344113C26EF984B00EAE58D = {
						CreatedOnToolsVersion = 12.5;
						TestTargetID = 5344111B26EF984A00EAE58D;
					};
				};
			};
			buildConfigurationList = 5344111726EF984A00EAE58D /* Build configuration list for PBXProject "Dicee-SwiftUI" */;
			compatibilityVersion = "Xcode 9.3";
			developmentRegion = en;
			hasScannedForEncodings = 0;
			knownRegions = (
				en,
				Base,
			);
			mainGroup = 5344111326EF984A00EAE58D;
			productRefGroup = 5344111D26EF984A00EAE58D /* Products */;
			projectDirPath = "";
			projectRoot = "";
			targets = (
				5344111B26EF984A00EAE58D /* Dicee-SwiftUI */,
				5344113126EF984B00EAE58D /* Dicee-SwiftUITests */,
				5344113C26EF984B00EAE58D /* Dicee-SwiftUIUITests */,
			);
		};
/* End PBXProject section */

/* Begin PBXResourcesBuildPhase section */
		5344111A26EF984A00EAE58D /* Resources */ = {
			isa = PBXResourcesBuildPhase;
			buildActionMask = 2147483647;
			files = (
				5344112C26EF984B00EAE58D /* LaunchScreen.storyboard in Resources */,
				5344112926EF984B00EAE58D /* Preview Assets.xcassets in Resources */,
				5344112626EF984B00EAE58D /* Assets.xcassets in Resources */,
			);
			runOnlyForDeploymentPostprocessing = 0;
		};
		5344113026EF984B00EAE58D /* Resources */ = {
			isa = PBXResourcesBuildPhase;
			buildActionMask = 2147483647;
			files = (
			);
			runOnlyForDeploymentPostprocessing = 0;
		};
		5344113B26EF984B00EAE58D /* Resources */ = {
			isa = PBXResourcesBuildPhase;
			buildActionMask = 2147483647;
			files = (
			);
			runOnlyForDeploymentPostprocessing = 0;
		};
/* End PBXResourcesBuildPhase section */

/* Begin PBXSourcesBuildPhase section */
		5344111826EF984A00EAE58D /* Sources */ = {
			isa = PBXSourcesBuildPhase;
			buildActionMask = 2147483647;
			files = (
				5344112026EF984A00EAE58D /* AppDelegate.swift in Sources */,
				5344112226EF984A00EAE58D /* SceneDelegate.swift in Sources */,
				5344112426EF984A00EAE58D /* ContentView.swift in Sources */,
			);
			runOnlyForDeploymentPostprocessing = 0;
		};
		5344112E26EF984B00EAE58D /* Sources */ = {
			isa = PBXSourcesBuildPhase;
			buildActionMask = 2147483647;
			files = (
				5344113726EF984B00EAE58D /* Dicee_SwiftUITests.swift in Sources */,
			);
			runOnlyForDeploymentPostprocessing = 0;
		};
		5344113926EF984B00EAE58D /* Sources */ = {
			isa = PBXSourcesBuildPhase;
			buildActionMask = 2147483647;
			files = (
				5344114226EF984B00EAE58D /* Dicee_SwiftUIUITests.swift in Sources */,
			);
			runOnlyForDeploymentPostprocessing = 0;
		};
/* End PBXSourcesBuildPhase section */

/* Begin PBXTargetDependency section */
		5344113426EF984B00EAE58D /* PBXTargetDependency */ = {
			isa = PBXTargetDependency;
			target = 5344111B26EF984A00EAE58D /* Dicee-SwiftUI */;
			targetProxy = 5344113326EF984B00EAE58D /* PBXContainerItemProxy */;
		};
		5344113F26EF984B00EAE58D /* PBXTargetDependency */ = {
			isa = PBXTargetDependency;
			target = 5344111B26EF984A00EAE58D /* Dicee-SwiftUI */;
			targetProxy = 5344113E26EF984B00EAE58D /* PBXContainerItemProxy */;
		};
/* End PBXTargetDependency section */

/* Begin PBXVariantGroup section */
		5344112A26EF984B00EAE58D /* LaunchScreen.storyboard */ = {
			isa = PBXVariantGroup;
			children = (
				5344112B26EF984B00EAE58D /* Base */,
			);
			name = LaunchScreen.storyboard;
			sourceTree = "<group>";
		};
/* End PBXVariantGroup section */

/* Begin XCBuildConfiguration section */
		5344114426EF984B00EAE58D /* Debug */ = {
			isa = XCBuildConfiguration;
			buildSettings = {
				ALWAYS_SEARCH_USER_PATHS = NO;
				CLANG_ANALYZER_NONNULL = YES;
				CLANG_ANALYZER_NUMBER_OBJECT_CONVERSION = YES_AGGRESSIVE;
				CLANG_CXX_LANGUAGE_STANDARD = "gnu++14";
				CLANG_CXX_LIBRARY = "libc++";
				CLANG_ENABLE_MODULES = YES;
				CLANG_ENABLE_OBJC_ARC = YES;
				CLANG_ENABLE_OBJC_WEAK = YES;
				CLANG_WARN_BLOCK_CAPTURE_AUTORELEASING = YES;
				CLANG_WARN_BOOL_CONVERSION = YES;
				CLANG_WARN_COMMA = YES;
				CLANG_WARN_CONSTANT_CONVERSION = YES;
				CLANG_WARN_DEPRECATED_OBJC_IMPLEMENTATIONS = YES;
				CLANG_WARN_DIRECT_OBJC_ISA_USAGE = YES_ERROR;
				CLANG_WARN_DOCUMENTATION_COMMENTS = YES;
				CLANG_WARN_EMPTY_BODY = YES;
				CLANG_WARN_ENUM_CONVERSION = YES;
				CLANG_WARN_INFINITE_RECURSION = YES;
				CLANG_WARN_INT_CONVERSION = YES;
				CLANG_WARN_NON_LITERAL_NULL_CONVERSION = YES;
				CLANG_WARN_OBJC_IMPLICIT_RETAIN_SELF = YES;
				CLANG_WARN_OBJC_LITERAL_CONVERSION = YES;
				CLANG_WARN_OBJC_ROOT_CLASS = YES_ERROR;
				CLANG_WARN_QUOTED_INCLUDE_IN_FRAMEWORK_HEADER = YES;
				CLANG_WARN_RANGE_LOOP_ANALYSIS = YES;
				CLANG_WARN_STRICT_PROTOTYPES = YES;
				CLANG_WARN_SUSPICIOUS_MOVE = YES;
				CLANG_WARN_UNGUARDED_AVAILABILITY = YES_AGGRESSIVE;
				CLANG_WARN_UNREACHABLE_CODE = YES;
				CLANG_WARN__DUPLICATE_METHOD_MATCH = YES;
				COPY_PHASE_STRIP = NO;
				DEBUG_INFORMATION_FORMAT = dwarf;
				ENABLE_STRICT_OBJC_MSGSEND = YES;
				ENABLE_TESTABILITY = YES;
				GCC_C_LANGUAGE_STANDARD = gnu11;
				GCC_DYNAMIC_NO_PIC = NO;
				GCC_NO_COMMON_BLOCKS = YES;
				GCC_OPTIMIZATION_LEVEL = 0;
				GCC_PREPROCESSOR_DEFINITIONS = (
					"DEBUG=1",
					"$(inherited)",
				);
				GCC_WARN_64_TO_32_BIT_CONVERSION = YES;
				GCC_WARN_ABOUT_RETURN_TYPE = YES_ERROR;
				GCC_WARN_UNDECLARED_SELECTOR = YES;
				GCC_WARN_UNINITIALIZED_AUTOS = YES_AGGRESSIVE;
				GCC_WARN_UNUSED_FUNCTION = YES;
				GCC_WARN_UNUSED_VARIABLE = YES;
				IPHONEOS_DEPLOYMENT_TARGET = 14.5;
				MTL_ENABLE_DEBUG_INFO = INCLUDE_SOURCE;
				MTL_FAST_MATH = YES;
				ONLY_ACTIVE_ARCH = YES;
				SDKROOT = iphoneos;
				SWIFT_ACTIVE_COMPILATION_CONDITIONS = DEBUG;
				SWIFT_OPTIMIZATION_LEVEL = "-Onone";
			};
			name = Debug;
		};
		5344114526EF984B00EAE58D /* Release */ = {
			isa = XCBuildConfiguration;
			buildSettings = {
				ALWAYS_SEARCH_USER_PATHS = NO;
				CLANG_ANALYZER_NONNULL = YES;
				CLANG_ANALYZER_NUMBER_OBJECT_CONVERSION = YES_AGGRESSIVE;
				CLANG_CXX_LANGUAGE_STANDARD = "gnu++14";
				CLANG_CXX_LIBRARY = "libc++";
				CLANG_ENABLE_MODULES = YES;
				CLANG_ENABLE_OBJC_ARC = YES;
				CLANG_ENABLE_OBJC_WEAK = YES;
				CLANG_WARN_BLOCK_CAPTURE_AUTORELEASING = YES;
				CLANG_WARN_BOOL_CONVERSION = YES;
				CLANG_WARN_COMMA = YES;
				CLANG_WARN_CONSTANT_CONVERSION = YES;
				CLANG_WARN_DEPRECATED_OBJC_IMPLEMENTATIONS = YES;
				CLANG_WARN_DIRECT_OBJC_ISA_USAGE = YES_ERROR;
				CLANG_WARN_DOCUMENTATION_COMMENTS = YES;
				CLANG_WARN_EMPTY_BODY = YES;
				CLANG_WARN_ENUM_CONVERSION = YES;
				CLANG_WARN_INFINITE_RECURSION = YES;
				CLANG_WARN_INT_CONVERSION = YES;
				CLANG_WARN_NON_LITERAL_NULL_CONVERSION = YES;
				CLANG_WARN_OBJC_IMPLICIT_RETAIN_SELF = YES;
				CLANG_WARN_OBJC_LITERAL_CONVERSION = YES;
				CLANG_WARN_OBJC_ROOT_CLASS = YES_ERROR;
				CLANG_WARN_QUOTED_INCLUDE_IN_FRAMEWORK_HEADER = YES;
				CLANG_WARN_RANGE_LOOP_ANALYSIS = YES;
				CLANG_WARN_STRICT_PROTOTYPES = YES;
				CLANG_WARN_SUSPICIOUS_MOVE = YES;
				CLANG_WARN_UNGUARDED_AVAILABILITY = YES_AGGRESSIVE;
				CLANG_WARN_UNREACHABLE_CODE = YES;
				CLANG_WARN__DUPLICATE_METHOD_MATCH = YES;
				COPY_PHASE_STRIP = NO;
				DEBUG_INFORMATION_FORMAT = "dwarf-with-dsym";
				ENABLE_NS_ASSERTIONS = NO;
				ENABLE_STRICT_OBJC_MSGSEND = YES;
				GCC_C_LANGUAGE_STANDARD = gnu11;
				GCC_NO_COMMON_BLOCKS = YES;
				GCC_WARN_64_TO_32_BIT_CONVERSION = YES;
				GCC_WARN_ABOUT_RETURN_TYPE = YES_ERROR;
				GCC_WARN_UNDECLARED_SELECTOR = YES;
				GCC_WARN_UNINITIALIZED_AUTOS = YES_AGGRESSIVE;
				GCC_WARN_UNUSED_FUNCTION = YES;
				GCC_WARN_UNUSED_VARIABLE = YES;
				IPHONEOS_DEPLOYMENT_TARGET = 14.5;
				MTL_ENABLE_DEBUG_INFO = NO;
				MTL_FAST_MATH = YES;
				SDKROOT = iphoneos;
				SWIFT_COMPILATION_MODE = wholemodule;
				SWIFT_OPTIMIZATION_LEVEL = "-O";
				VALIDATE_PRODUCT = YES;
			};
			name = Release;
		};
		5344114726EF984B00EAE58D /* Debug */ = {
			isa = XCBuildConfiguration;
			buildSettings = {
				ASSETCATALOG_COMPILER_APPICON_NAME = AppIcon;
				ASSETCATALOG_COMPILER_GLOBAL_ACCENT_COLOR_NAME = AccentColor;
				CODE_SIGN_STYLE = Automatic;
				DEVELOPMENT_ASSET_PATHS = "\"Dicee-SwiftUI/Preview Content\"";
				ENABLE_PREVIEWS = YES;
				INFOPLIST_FILE = "Dicee-SwiftUI/Info.plist";
				LD_RUNPATH_SEARCH_PATHS = (
					"$(inherited)",
					"@executable_path/Frameworks",
				);
				PRODUCT_BUNDLE_IDENTIFIER = "com.minjae.Dicee-SwiftUI";
				PRODUCT_NAME = "$(TARGET_NAME)";
				SWIFT_VERSION = 5.0;
				TARGETED_DEVICE_FAMILY = "1,2";
			};
			name = Debug;
		};
		5344114826EF984B00EAE58D /* Release */ = {
			isa = XCBuildConfiguration;
			buildSettings = {
				ASSETCATALOG_COMPILER_APPICON_NAME = AppIcon;
				ASSETCATALOG_COMPILER_GLOBAL_ACCENT_COLOR_NAME = AccentColor;
				CODE_SIGN_STYLE = Automatic;
				DEVELOPMENT_ASSET_PATHS = "\"Dicee-SwiftUI/Preview Content\"";
				ENABLE_PREVIEWS = YES;
				INFOPLIST_FILE = "Dicee-SwiftUI/Info.plist";
				LD_RUNPATH_SEARCH_PATHS = (
					"$(inherited)",
					"@executable_path/Frameworks",
				);
				PRODUCT_BUNDLE_IDENTIFIER = "com.minjae.Dicee-SwiftUI";
				PRODUCT_NAME = "$(TARGET_NAME)";
				SWIFT_VERSION = 5.0;
				TARGETED_DEVICE_FAMILY = "1,2";
			};
			name = Release;
		};
		5344114A26EF984B00EAE58D /* Debug */ = {
			isa = XCBuildConfiguration;
			buildSettings = {
				ALWAYS_EMBED_SWIFT_STANDARD_LIBRARIES = YES;
				BUNDLE_LOADER = "$(TEST_HOST)";
				CODE_SIGN_STYLE = Automatic;
				INFOPLIST_FILE = "Dicee-SwiftUITests/Info.plist";
				IPHONEOS_DEPLOYMENT_TARGET = 14.5;
				LD_RUNPATH_SEARCH_PATHS = (
					"$(inherited)",
					"@executable_path/Frameworks",
					"@loader_path/Frameworks",
				);
				PRODUCT_BUNDLE_IDENTIFIER = "com.minjae.Dicee-SwiftUITests";
				PRODUCT_NAME = "$(TARGET_NAME)";
				SWIFT_VERSION = 5.0;
				TARGETED_DEVICE_FAMILY = "1,2";
				TEST_HOST = "$(BUILT_PRODUCTS_DIR)/Dicee-SwiftUI.app/Dicee-SwiftUI";
			};
			name = Debug;
		};
		5344114B26EF984B00EAE58D /* Release */ = {
			isa = XCBuildConfiguration;
			buildSettings = {
				ALWAYS_EMBED_SWIFT_STANDARD_LIBRARIES = YES;
				BUNDLE_LOADER = "$(TEST_HOST)";
				CODE_SIGN_STYLE = Automatic;
				INFOPLIST_FILE = "Dicee-SwiftUITests/Info.plist";
				IPHONEOS_DEPLOYMENT_TARGET = 14.5;
				LD_RUNPATH_SEARCH_PATHS = (
					"$(inherited)",
					"@executable_path/Frameworks",
					"@loader_path/Frameworks",
				);
				PRODUCT_BUNDLE_IDENTIFIER = "com.minjae.Dicee-SwiftUITests";
				PRODUCT_NAME = "$(TARGET_NAME)";
				SWIFT_VERSION = 5.0;
				TARGETED_DEVICE_FAMILY = "1,2";
				TEST_HOST = "$(BUILT_PRODUCTS_DIR)/Dicee-SwiftUI.app/Dicee-SwiftUI";
			};
			name = Release;
		};
		5344114D26EF984B00EAE58D /* Debug */ = {
			isa = XCBuildConfiguration;
			buildSettings = {
				ALWAYS_EMBED_SWIFT_STANDARD_LIBRARIES = YES;
				CODE_SIGN_STYLE = Automatic;
				INFOPLIST_FILE = "Dicee-SwiftUIUITests/Info.plist";
				LD_RUNPATH_SEARCH_PATHS = (
					"$(inherited)",
					"@executable_path/Frameworks",
					"@loader_path/Frameworks",
				);
				PRODUCT_BUNDLE_IDENTIFIER = "com.minjae.Dicee-SwiftUIUITests";
				PRODUCT_NAME = "$(TARGET_NAME)";
				SWIFT_VERSION = 5.0;
				TARGETED_DEVICE_FAMILY = "1,2";
				TEST_TARGET_NAME = "Dicee-SwiftUI";
			};
			name = Debug;
		};
		5344114E26EF984B00EAE58D /* Release */ = {
			isa = XCBuildConfiguration;
			buildSettings = {
				ALWAYS_EMBED_SWIFT_STANDARD_LIBRARIES = YES;
				CODE_SIGN_STYLE = Automatic;
				INFOPLIST_FILE = "Dicee-SwiftUIUITests/Info.plist";
				LD_RUNPATH_SEARCH_PATHS = (
					"$(inherited)",
					"@executable_path/Frameworks",
					"@loader_path/Frameworks",
				);
				PRODUCT_BUNDLE_IDENTIFIER = "com.minjae.Dicee-SwiftUIUITests";
				PRODUCT_NAME = "$(TARGET_NAME)";
				SWIFT_VERSION = 5.0;
				TARGETED_DEVICE_FAMILY = "1,2";
				TEST_TARGET_NAME = "Dicee-SwiftUI";
			};
			name = Release;
		};
/* End XCBuildConfiguration section */

/* Begin XCConfigurationList section */
		5344111726EF984A00EAE58D /* Build configuration list for PBXProject "Dicee-SwiftUI" */ = {
			isa = XCConfigurationList;
			buildConfigurations = (
				5344114426EF984B00EAE58D /* Debug */,
				5344114526EF984B00EAE58D /* Release */,
			);
			defaultConfigurationIsVisible = 0;
			defaultConfigurationName = Release;
		};
		5344114626EF984B00EAE58D /* Build configuration list for PBXNativeTarget "Dicee-SwiftUI" */ = {
			isa = XCConfigurationList;
			buildConfigurations = (
				5344114726EF984B00EAE58D /* Debug */,
				5344114826EF984B00EAE58D /* Release */,
			);
			defaultConfigurationIsVisible = 0;
			defaultConfigurationName = Release;
		};
		5344114926EF984B00EAE58D /* Build configuration list for PBXNativeTarget "Dicee-SwiftUITests" */ = {
			isa = XCConfigurationList;
			buildConfigurations = (
				5344114A26EF984B00EAE58D /* Debug */,
				5344114B26EF984B00EAE58D /* Release */,
			);
			defaultConfigurationIsVisible = 0;
			defaultConfigurationName = Release;
		};
		5344114C26EF984B00EAE58D /* Build configuration list for PBXNativeTarget "Dicee-SwiftUIUITests" */ = {
			isa = XCConfigurationList;
			buildConfigurations = (
				5344114D26EF984B00EAE58D /* Debug */,
				5344114E26EF984B00EAE58D /* Release */,
			);
			defaultConfigurationIsVisible = 0;
			defaultConfigurationName = Release;
		};
/* End XCConfigurationList section */
	};
	rootObject = 5344111426EF984A00EAE58D /* Project object */;
}
